
Microsoft Visual Studio Solution File, Format Version 12.00
# Visual Studio Version 17
VisualStudioVersion = 17.5.33627.172
MinimumVisualStudioVersion = 10.0.40219.1
Project("{FAE04EC0-301F-11D3-BF4B-00C04F79EFBC}") = "Challange1", "Challange1\Challange1.csproj", "{4FA98B62-0962-48E0-85AF-F8A4F05EC528}"
EndProject
Global
	GlobalSection(SolutionConfigurationPlatforms) = preSolution
		Debug|Any CPU = Debug|Any CPU
		Release|Any CPU = Release|Any CPU
	EndGlobalSection
	GlobalSection(ProjectConfigurationPlatforms) = postSolution
		{4FA98B62-0962-48E0-85AF-F8A4F05EC528}.Debug|Any CPU.ActiveCfg = Debug|Any CPU
		{4FA98B62-0962-48E0-85AF-F8A4F05EC528}.Debug|Any CPU.Build.0 = Debug|Any CPU
		{4FA98B62-0962-48E0-85AF-F8A4F05EC528}.Release|Any CPU.ActiveCfg = Release|Any CPU
		{4FA98B62-0962-48E0-85AF-F8A4F05EC528}.Release|Any CPU.Build.0 = Release|Any CPU
	EndGlobalSection
	GlobalSection(SolutionProperties) = preSolution
		HideSolutionNode = FALSE
	EndGlobalSection
	GlobalSection(ExtensibilityGlobals) = postSolution
		SolutionGuid = {F93D98FD-B4E1-4FC6-85A3-3378C72CAE23}
	EndGlobalSection
EndGlobal
