
Microsoft Visual Studio Solution File, Format Version 12.00
# Visual Studio Version 17
VisualStudioVersion = 17.7.34009.444
MinimumVisualStudioVersion = 10.0.40219.1
Project("{FAE04EC0-301F-11D3-BF4B-00C04F79EFBC}") = "HardSkill_3Week", "HardSkill_3Week\HardSkill_3Week.csproj", "{67F47A5E-57C3-4E9A-BF4B-59E6167EA7BF}"
EndProject
Global
	GlobalSection(SolutionConfigurationPlatforms) = preSolution
		Debug|Any CPU = Debug|Any CPU
		Release|Any CPU = Release|Any CPU
	EndGlobalSection
	GlobalSection(ProjectConfigurationPlatforms) = postSolution
		{67F47A5E-57C3-4E9A-BF4B-59E6167EA7BF}.Debug|Any CPU.ActiveCfg = Debug|Any CPU
		{67F47A5E-57C3-4E9A-BF4B-59E6167EA7BF}.Debug|Any CPU.Build.0 = Debug|Any CPU
		{67F47A5E-57C3-4E9A-BF4B-59E6167EA7BF}.Release|Any CPU.ActiveCfg = Release|Any CPU
		{67F47A5E-57C3-4E9A-BF4B-59E6167EA7BF}.Release|Any CPU.Build.0 = Release|Any CPU
	EndGlobalSection
	GlobalSection(SolutionProperties) = preSolution
		HideSolutionNode = FALSE
	EndGlobalSection
	GlobalSection(ExtensibilityGlobals) = postSolution
		SolutionGuid = {9F409FE5-E6DF-4F4A-B924-80D298B2B055}
	EndGlobalSection
EndGlobal
